
Microsoft Visual Studio Solution File, Format Version 11.00
# Visual Studio 2010
Project("{FAE04EC0-301F-11D3-BF4B-00C04F79EFBC}") = "WDCLibrary", "WDCLibrary\WDCLibrary.csproj", "{E1F05531-04A4-452B-A51B-6419FD9DC5D4}"
EndProject
Project("{FAE04EC0-301F-11D3-BF4B-00C04F79EFBC}") = "WinDriverDemo", "WinDriverDemo\WinDriverDemo.csproj", "{91C050C1-E2F1-44D5-8D81-4FCEC237D649}"
EndProject
Project("{54435603-DBB4-11D2-8724-00A0C9A8B90C}") = "HiDriverTesterInstall", "HiDriverTesterInstall\HiDriverTesterInstall.vdproj", "{1AFA1332-2282-4864-90F0-5AA9BA80DBEF}"
EndProject
Global
	GlobalSection(SolutionConfigurationPlatforms) = preSolution
		Debug|Any CPU = Debug|Any CPU
		Debug|Mixed Platforms = Debug|Mixed Platforms
		Debug|x64 = Debug|x64
		Debug|x86 = Debug|x86
		Release|Any CPU = Release|Any CPU
		Release|Mixed Platforms = Release|Mixed Platforms
		Release|x64 = Release|x64
		Release|x86 = Release|x86
	EndGlobalSection
	GlobalSection(ProjectConfigurationPlatforms) = postSolution
		{E1F05531-04A4-452B-A51B-6419FD9DC5D4}.Debug|Any CPU.ActiveCfg = Debug|Any CPU
		{E1F05531-04A4-452B-A51B-6419FD9DC5D4}.Debug|Any CPU.Build.0 = Debug|Any CPU
		{E1F05531-04A4-452B-A51B-6419FD9DC5D4}.Debug|Mixed Platforms.ActiveCfg = Debug|x64
		{E1F05531-04A4-452B-A51B-6419FD9DC5D4}.Debug|Mixed Platforms.Build.0 = Debug|x64
		{E1F05531-04A4-452B-A51B-6419FD9DC5D4}.Debug|x64.ActiveCfg = Debug|x64
		{E1F05531-04A4-452B-A51B-6419FD9DC5D4}.Debug|x64.Build.0 = Debug|x64
		{E1F05531-04A4-452B-A51B-6419FD9DC5D4}.Debug|x86.ActiveCfg = Debug|x64
		{E1F05531-04A4-452B-A51B-6419FD9DC5D4}.Release|Any CPU.ActiveCfg = Release|Any CPU
		{E1F05531-04A4-452B-A51B-6419FD9DC5D4}.Release|Any CPU.Build.0 = Release|Any CPU
		{E1F05531-04A4-452B-A51B-6419FD9DC5D4}.Release|Mixed Platforms.ActiveCfg = Release|x64
		{E1F05531-04A4-452B-A51B-6419FD9DC5D4}.Release|Mixed Platforms.Build.0 = Release|x64
		{E1F05531-04A4-452B-A51B-6419FD9DC5D4}.Release|x64.ActiveCfg = Release|x64
		{E1F05531-04A4-452B-A51B-6419FD9DC5D4}.Release|x64.Build.0 = Release|x64
		{E1F05531-04A4-452B-A51B-6419FD9DC5D4}.Release|x86.ActiveCfg = Release|Any CPU
		{91C050C1-E2F1-44D5-8D81-4FCEC237D649}.Debug|Any CPU.ActiveCfg = Debug|x86
		{91C050C1-E2F1-44D5-8D81-4FCEC237D649}.Debug|Mixed Platforms.ActiveCfg = Debug|x86
		{91C050C1-E2F1-44D5-8D81-4FCEC237D649}.Debug|Mixed Platforms.Build.0 = Debug|x86
		{91C050C1-E2F1-44D5-8D81-4FCEC237D649}.Debug|x64.ActiveCfg = Debug|x86
		{91C050C1-E2F1-44D5-8D81-4FCEC237D649}.Debug|x86.ActiveCfg = Debug|x86
		{91C050C1-E2F1-44D5-8D81-4FCEC237D649}.Debug|x86.Build.0 = Debug|x86
		{91C050C1-E2F1-44D5-8D81-4FCEC237D649}.Release|Any CPU.ActiveCfg = Release|x86
		{91C050C1-E2F1-44D5-8D81-4FCEC237D649}.Release|Mixed Platforms.ActiveCfg = Release|x86
		{91C050C1-E2F1-44D5-8D81-4FCEC237D649}.Release|Mixed Platforms.Build.0 = Release|x86
		{91C050C1-E2F1-44D5-8D81-4FCEC237D649}.Release|x64.ActiveCfg = Release|x86
		{91C050C1-E2F1-44D5-8D81-4FCEC237D649}.Release|x86.ActiveCfg = Release|x86
		{91C050C1-E2F1-44D5-8D81-4FCEC237D649}.Release|x86.Build.0 = Release|x86
		{1AFA1332-2282-4864-90F0-5AA9BA80DBEF}.Debug|Any CPU.ActiveCfg = Debug
		{1AFA1332-2282-4864-90F0-5AA9BA80DBEF}.Debug|Mixed Platforms.ActiveCfg = Debug
		{1AFA1332-2282-4864-90F0-5AA9BA80DBEF}.Debug|x64.ActiveCfg = Debug
		{1AFA1332-2282-4864-90F0-5AA9BA80DBEF}.Debug|x86.ActiveCfg = Debug
		{1AFA1332-2282-4864-90F0-5AA9BA80DBEF}.Release|Any CPU.ActiveCfg = Release
		{1AFA1332-2282-4864-90F0-5AA9BA80DBEF}.Release|Mixed Platforms.ActiveCfg = Release
		{1AFA1332-2282-4864-90F0-5AA9BA80DBEF}.Release|x64.ActiveCfg = Release
		{1AFA1332-2282-4864-90F0-5AA9BA80DBEF}.Release|x86.ActiveCfg = Release
	EndGlobalSection
	GlobalSection(SolutionProperties) = preSolution
		HideSolutionNode = FALSE
	EndGlobalSection
EndGlobal
